
Microsoft Visual Studio Solution File, Format Version 12.00
# Visual Studio Version 16
VisualStudioVersion = 16.0.30225.117
MinimumVisualStudioVersion = 10.0.40219.1
Project("{FAE04EC0-301F-11D3-BF4B-00C04F79EFBC}") = "Demotest1", "Demotest1\Demotest1.csproj", "{3C269B49-97E5-4C59-AE50-51A7449C2F0B}"
EndProject
Global
	GlobalSection(SolutionConfigurationPlatforms) = preSolution
		Debug|Any CPU = Debug|Any CPU
		Release|Any CPU = Release|Any CPU
	EndGlobalSection
	GlobalSection(ProjectConfigurationPlatforms) = postSolution
		{3C269B49-97E5-4C59-AE50-51A7449C2F0B}.Debug|Any CPU.ActiveCfg = Debug|Any CPU
		{3C269B49-97E5-4C59-AE50-51A7449C2F0B}.Debug|Any CPU.Build.0 = Debug|Any CPU
		{3C269B49-97E5-4C59-AE50-51A7449C2F0B}.Release|Any CPU.ActiveCfg = Release|Any CPU
		{3C269B49-97E5-4C59-AE50-51A7449C2F0B}.Release|Any CPU.Build.0 = Release|Any CPU
	EndGlobalSection
	GlobalSection(SolutionProperties) = preSolution
		HideSolutionNode = FALSE
	EndGlobalSection
	GlobalSection(ExtensibilityGlobals) = postSolution
		SolutionGuid = {B78120F9-FBAC-4821-8DA1-E3EBB666BA7B}
	EndGlobalSection
EndGlobal
